// !$*UTF8*$!
{
	archiveVersion = 1;
	classes = {
	};
	objectVersion = 77;
	objects = {

/* Begin PBXBuildFile section */
		5A7AF27C2F2C40ED009D0C63 /* Localizable.strings in Resources */ = {isa = PBXBuildFile; fileRef = 5A7AF27A2F2C40ED009D0C63 /* Localizable.strings */; };
/* End PBXBuildFile section */

/* Begin PBXContainerItemProxy section */
		5A01511B2F2AEC21008A5839 /* PBXContainerItemProxy */ = {
			isa = PBXContainerItemProxy;
			containerPortal = 5A0150F92F2AEC20008A5839 /* Project object */;
			proxyType = 1;
			remoteGlobalIDString = 5A0151002F2AEC20008A5839;
			remoteInfo = MultiFamily;
		};
		5A0151252F2AEC21008A5839 /* PBXContainerItemProxy */ = {
			isa = PBXContainerItemProxy;
			containerPortal = 5A0150F92F2AEC20008A5839 /* Project object */;
			proxyType = 1;
			remoteGlobalIDString = 5A0151002F2AEC20008A5839;
			remoteInfo = MultiFamily;
		};
/* End PBXContainerItemProxy section */

/* Begin PBXFileReference section */
		5A0151012F2AEC20008A5839 /* MultiFamily.app */ = {isa = PBXFileReference; explicitFileType = wrapper.application; includeInIndex = 0; path = MultiFamily.app; sourceTree = BUILT_PRODUCTS_DIR; };
		5A01511A2F2AEC21008A5839 /* MultiFamilyTests.xctest */ = {isa = PBXFileReference; explicitFileType = wrapper.cfbundle; includeInIndex = 0; path = MultiFamilyTests.xctest; sourceTree = BUILT_PRODUCTS_DIR; };
		5A0151242F2AEC21008A5839 /* MultiFamilyUITests.xctest */ = {isa = PBXFileReference; explicitFileType = wrapper.cfbundle; includeInIndex = 0; path = MultiFamilyUITests.xctest; sourceTree = BUILT_PRODUCTS_DIR; };
		5A7AF27B2F2C40ED009D0C63 /* en */ = {isa = PBXFileReference; lastKnownFileType = text.plist.strings; name = en; path = en.lproj/Localizable.strings; sourceTree = "<group>"; };
		5A7AF27F2F2C410D009D0C63 /* zh-Hant */ = {isa = PBXFileReference; lastKnownFileType = text.plist.strings; name = "zh-Hant"; path = "zh-Hant.lproj/Localizable.strings"; sourceTree = "<group>"; };
/* End PBXFileReference section */

/* Begin PBXFileSystemSynchronizedBuildFileExceptionSet section */
		5A01512C2F2AEC21008A5839 /* Exceptions for "MultiFamily" folder in "MultiFamily" target */ = {
			isa = PBXFileSystemSynchronizedBuildFileExceptionSet;
			membershipExceptions = (
				Info.plist,
			);
			target = 5A0151002F2AEC20008A5839 /* MultiFamily */;
		};
		5A77F5BB2F2B300F00FF756F /* Exceptions for "MultiFamily" folder in "MultiFamilyTests" target */ = {
			isa = PBXFileSystemSynchronizedBuildFileExceptionSet;
			membershipExceptions = (
				Common/JSON/AnyEncodable.swift,
				Common/Localization/L10n.swift,
				Domain/Register/RegisterResult.swift,
				Domain/User/User.swift,
				Domain/User/UserToken.swift,
				Domain/User/VerificationRequired.swift,
				Environment/AppEnvironment.swift,
				Environment/Device/DefaultDeviceIdentifierProvider.swift,
				Environment/Device/DeviceIdentifierProvider.swift,
				Environment/EnvironmentConfig.swift,
				Infrastructure/Logging/AppLogger.swift,
				Infrastructure/Logging/FileLogger.swift,
				Infrastructure/Logging/LogCategory.swift,
				Infrastructure/Logging/LogLevel.swift,
				Infrastructure/Security/KeychainService.swift,
				Network/Core/APIClient.swift,
				Network/Core/APIRequest.swift,
				Network/Core/URLSessionAPIClient.swift,
				Network/DTO/Request/Register/RegisterRequestDTO.swift,
				Network/DTO/Request/Register/RegisterRequestFactory.swift,
				Network/DTO/Request/RegisterVerify/RegsiterVerifyRequestFactory.swift,
				Network/DTO/Request/User/LoginPayloadDTO.swift,
				Network/DTO/Request/User/RefreshTokenPayloadDTO.swift,
				Network/DTO/Request/User/UserRequestDTO.swift,
				Network/DTO/Request/User/UserRequestFactory.swift,
				Network/DTO/Response/Register/RegisterResponseDTO.swift,
				Network/DTO/Response/User/AttributeDTO.swift,
				Network/DTO/Response/User/UserResponseDTO.swift,
				Network/DTO/Response/User/VerificationRequiredDTO.swift,
				Network/Endpoint/RegisterEndpoint.swift,
				Network/Endpoint/UserEndpoint.swift,
				Network/Interceptor/AuthorizationInterceptor.swift,
				Presentation/Register/Repository/RegisterRepository.swift,
				Presentation/Register/Repository/RegisterRepositoryImpl.swift,
				Presentation/Register/UseCase/RegisterUseCase.swift,
				Presentation/User/Attribute/DefaultUserAttributeStore.swift,
				Presentation/User/Repository/UserRepository.swift,
				Presentation/User/Repository/UserRepositoryImpl.swift,
				Presentation/User/Token/TokenStore.swift,
				Presentation/User/UseCase/LoginUseCase.swift,
				Presentation/User/UseCase/LoginUseCaseImpl.swift,
				Presentation/User/ViewModel/LoginViewModel.swift,
			);
			target = 5A0151192F2AEC21008A5839 /* MultiFamilyTests */;
		};
/* End PBXFileSystemSynchronizedBuildFileExceptionSet section */

/* Begin PBXFileSystemSynchronizedRootGroup section */
		5A0151032F2AEC20008A5839 /* MultiFamily */ = {
			isa = PBXFileSystemSynchronizedRootGroup;
			exceptions = (
				5A01512C2F2AEC21008A5839 /* Exceptions for "MultiFamily" folder in "MultiFamily" target */,
				5A77F5BB2F2B300F00FF756F /* Exceptions for "MultiFamily" folder in "MultiFamilyTests" target */,
			);
			path = MultiFamily;
			sourceTree = "<group>";
		};
		5A01511D2F2AEC21008A5839 /* MultiFamilyTests */ = {
			isa = PBXFileSystemSynchronizedRootGroup;
			path = MultiFamilyTests;
			sourceTree = "<group>";
		};
		5A0151272F2AEC21008A5839 /* MultiFamilyUITests */ = {
			isa = PBXFileSystemSynchronizedRootGroup;
			path = MultiFamilyUITests;
			sourceTree = "<group>";
		};
/* End PBXFileSystemSynchronizedRootGroup section */

/* Begin PBXFrameworksBuildPhase section */
		5A0150FE2F2AEC20008A5839 /* Frameworks */ = {
			isa = PBXFrameworksBuildPhase;
			buildActionMask = 2147483647;
			files = (
			);
			runOnlyForDeploymentPostprocessing = 0;
		};
		5A0151172F2AEC21008A5839 /* Frameworks */ = {
			isa = PBXFrameworksBuildPhase;
			buildActionMask = 2147483647;
			files = (
			);
			runOnlyForDeploymentPostprocessing = 0;
		};
		5A0151212F2AEC21008A5839 /* Frameworks */ = {
			isa = PBXFrameworksBuildPhase;
			buildActionMask = 2147483647;
			files = (
			);
			runOnlyForDeploymentPostprocessing = 0;
		};
/* End PBXFrameworksBuildPhase section */

/* Begin PBXGroup section */
		5A0150F82F2AEC20008A5839 = {
			isa = PBXGroup;
			children = (
				5A7AF27A2F2C40ED009D0C63 /* Localizable.strings */,
				5A0151032F2AEC20008A5839 /* MultiFamily */,
				5A01511D2F2AEC21008A5839 /* MultiFamilyTests */,
				5A0151272F2AEC21008A5839 /* MultiFamilyUITests */,
				5A0151022F2AEC20008A5839 /* Products */,
			);
			sourceTree = "<group>";
		};
		5A0151022F2AEC20008A5839 /* Products */ = {
			isa = PBXGroup;
			children = (
				5A0151012F2AEC20008A5839 /* MultiFamily.app */,
				5A01511A2F2AEC21008A5839 /* MultiFamilyTests.xctest */,
				5A0151242F2AEC21008A5839 /* MultiFamilyUITests.xctest */,
			);
			name = Products;
			sourceTree = "<group>";
		};
/* End PBXGroup section */

/* Begin PBXNativeTarget section */
		5A0151002F2AEC20008A5839 /* MultiFamily */ = {
			isa = PBXNativeTarget;
			buildConfigurationList = 5A01512D2F2AEC21008A5839 /* Build configuration list for PBXNativeTarget "MultiFamily" */;
			buildPhases = (
				5A0150FD2F2AEC20008A5839 /* Sources */,
				5A0150FE2F2AEC20008A5839 /* Frameworks */,
				5A0150FF2F2AEC20008A5839 /* Resources */,
			);
			buildRules = (
			);
			dependencies = (
			);
			fileSystemSynchronizedGroups = (
				5A0151032F2AEC20008A5839 /* MultiFamily */,
			);
			name = MultiFamily;
			packageProductDependencies = (
			);
			productName = MultiFamily;
			productReference = 5A0151012F2AEC20008A5839 /* MultiFamily.app */;
			productType = "com.apple.product-type.application";
		};
		5A0151192F2AEC21008A5839 /* MultiFamilyTests */ = {
			isa = PBXNativeTarget;
			buildConfigurationList = 5A0151322F2AEC21008A5839 /* Build configuration list for PBXNativeTarget "MultiFamilyTests" */;
			buildPhases = (
				5A0151162F2AEC21008A5839 /* Sources */,
				5A0151172F2AEC21008A5839 /* Frameworks */,
				5A0151182F2AEC21008A5839 /* Resources */,
			);
			buildRules = (
			);
			dependencies = (
				5A01511C2F2AEC21008A5839 /* PBXTargetDependency */,
			);
			fileSystemSynchronizedGroups = (
				5A01511D2F2AEC21008A5839 /* MultiFamilyTests */,
			);
			name = MultiFamilyTests;
			packageProductDependencies = (
			);
			productName = MultiFamilyTests;
			productReference = 5A01511A2F2AEC21008A5839 /* MultiFamilyTests.xctest */;
			productType = "com.apple.product-type.bundle.unit-test";
		};
		5A0151232F2AEC21008A5839 /* MultiFamilyUITests */ = {
			isa = PBXNativeTarget;
			buildConfigurationList = 5A0151352F2AEC21008A5839 /* Build configuration list for PBXNativeTarget "MultiFamilyUITests" */;
			buildPhases = (
				5A0151202F2AEC21008A5839 /* Sources */,
				5A0151212F2AEC21008A5839 /* Frameworks */,
				5A0151222F2AEC21008A5839 /* Resources */,
			);
			buildRules = (
			);
			dependencies = (
				5A0151262F2AEC21008A5839 /* PBXTargetDependency */,
			);
			fileSystemSynchronizedGroups = (
				5A0151272F2AEC21008A5839 /* MultiFamilyUITests */,
			);
			name = MultiFamilyUITests;
			packageProductDependencies = (
			);
			productName = MultiFamilyUITests;
			productReference = 5A0151242F2AEC21008A5839 /* MultiFamilyUITests.xctest */;
			productType = "com.apple.product-type.bundle.ui-testing";
		};
/* End PBXNativeTarget section */

/* Begin PBXProject section */
		5A0150F92F2AEC20008A5839 /* Project object */ = {
			isa = PBXProject;
			attributes = {
				BuildIndependentTargetsInParallel = 1;
				LastSwiftUpdateCheck = 2620;
				LastUpgradeCheck = 2620;
				TargetAttributes = {
					5A0151002F2AEC20008A5839 = {
						CreatedOnToolsVersion = 26.2;
					};
					5A0151192F2AEC21008A5839 = {
						CreatedOnToolsVersion = 26.2;
						TestTargetID = 5A0151002F2AEC20008A5839;
					};
					5A0151232F2AEC21008A5839 = {
						CreatedOnToolsVersion = 26.2;
						TestTargetID = 5A0151002F2AEC20008A5839;
					};
				};
			};
			buildConfigurationList = 5A0150FC2F2AEC20008A5839 /* Build configuration list for PBXProject "MultiFamily" */;
			developmentRegion = en;
			hasScannedForEncodings = 0;
			knownRegions = (
				en,
				Base,
				"zh-Hant",
			);
			mainGroup = 5A0150F82F2AEC20008A5839;
			minimizedProjectReferenceProxies = 1;
			packageReferences = (
			);
			preferredProjectObjectVersion = 77;
			productRefGroup = 5A0151022F2AEC20008A5839 /* Products */;
			projectDirPath = "";
			projectRoot = "";
			targets = (
				5A0151002F2AEC20008A5839 /* MultiFamily */,
				5A0151192F2AEC21008A5839 /* MultiFamilyTests */,
				5A0151232F2AEC21008A5839 /* MultiFamilyUITests */,
			);
		};
/* End PBXProject section */

/* Begin PBXResourcesBuildPhase section */
		5A0150FF2F2AEC20008A5839 /* Resources */ = {
			isa = PBXResourcesBuildPhase;
			buildActionMask = 2147483647;
			files = (
				5A7AF27C2F2C40ED009D0C63 /* Localizable.strings in Resources */,
			);
			runOnlyForDeploymentPostprocessing = 0;
		};
		5A0151182F2AEC21008A5839 /* Resources */ = {
			isa = PBXResourcesBuildPhase;
			buildActionMask = 2147483647;
			files = (
			);
			runOnlyForDeploymentPostprocessing = 0;
		};
		5A0151222F2AEC21008A5839 /* Resources */ = {
			isa = PBXResourcesBuildPhase;
			buildActionMask = 2147483647;
			files = (
			);
			runOnlyForDeploymentPostprocessing = 0;
		};
/* End PBXResourcesBuildPhase section */

/* Begin PBXSourcesBuildPhase section */
		5A0150FD2F2AEC20008A5839 /* Sources */ = {
			isa = PBXSourcesBuildPhase;
			buildActionMask = 2147483647;
			files = (
			);
			runOnlyForDeploymentPostprocessing = 0;
		};
		5A0151162F2AEC21008A5839 /* Sources */ = {
			isa = PBXSourcesBuildPhase;
			buildActionMask = 2147483647;
			files = (
			);
			runOnlyForDeploymentPostprocessing = 0;
		};
		5A0151202F2AEC21008A5839 /* Sources */ = {
			isa = PBXSourcesBuildPhase;
			buildActionMask = 2147483647;
			files = (
			);
			runOnlyForDeploymentPostprocessing = 0;
		};
/* End PBXSourcesBuildPhase section */

/* Begin PBXTargetDependency section */
		5A01511C2F2AEC21008A5839 /* PBXTargetDependency */ = {
			isa = PBXTargetDependency;
			target = 5A0151002F2AEC20008A5839 /* MultiFamily */;
			targetProxy = 5A01511B2F2AEC21008A5839 /* PBXContainerItemProxy */;
		};
		5A0151262F2AEC21008A5839 /* PBXTargetDependency */ = {
			isa = PBXTargetDependency;
			target = 5A0151002F2AEC20008A5839 /* MultiFamily */;
			targetProxy = 5A0151252F2AEC21008A5839 /* PBXContainerItemProxy */;
		};
/* End PBXTargetDependency section */

/* Begin PBXVariantGroup section */
		5A7AF27A2F2C40ED009D0C63 /* Localizable.strings */ = {
			isa = PBXVariantGroup;
			children = (
				5A7AF27B2F2C40ED009D0C63 /* en */,
				5A7AF27F2F2C410D009D0C63 /* zh-Hant */,
			);
			name = Localizable.strings;
			sourceTree = "<group>";
		};
/* End PBXVariantGroup section */

/* Begin XCBuildConfiguration section */
		5A01512E2F2AEC21008A5839 /* Develop */ = {
			isa = XCBuildConfiguration;
			baseConfigurationReferenceAnchor = 5A0151032F2AEC20008A5839 /* MultiFamily */;
			baseConfigurationReferenceRelativePath = Config/Develop.xcconfig;
			buildSettings = {
				ASSETCATALOG_COMPILER_APPICON_NAME = AppIcon;
				ASSETCATALOG_COMPILER_GLOBAL_ACCENT_COLOR_NAME = AccentColor;
				CODE_SIGN_STYLE = Automatic;
				CURRENT_PROJECT_VERSION = 1;
				DEVELOPMENT_TEAM = 5PY7CVD87W;
				GENERATE_INFOPLIST_FILE = YES;
				INFOPLIST_FILE = MultiFamily/Info.plist;
				INFOPLIST_KEY_UIApplicationSupportsIndirectInputEvents = YES;
				INFOPLIST_KEY_UILaunchStoryboardName = LaunchScreen;
				INFOPLIST_KEY_UIMainStoryboardFile = Main;
				INFOPLIST_KEY_UISupportedInterfaceOrientations_iPad = "UIInterfaceOrientationPortrait UIInterfaceOrientationPortraitUpsideDown UIInterfaceOrientationLandscapeLeft UIInterfaceOrientationLandscapeRight";
				INFOPLIST_KEY_UISupportedInterfaceOrientations_iPhone = "UIInterfaceOrientationPortrait UIInterfaceOrientationLandscapeLeft UIInterfaceOrientationLandscapeRight";
				INFOPLIST_KEY_UIUserInterfaceStyle = Light;
				LD_RUNPATH_SEARCH_PATHS = (
					"$(inherited)",
					"@executable_path/Frameworks",
				);
				MARKETING_VERSION = 1.0;
				PRODUCT_BUNDLE_IDENTIFIER = tw.com.sunion.MultiFamily;
				PRODUCT_NAME = "$(TARGET_NAME)";
				STRING_CATALOG_GENERATE_SYMBOLS = YES;
				SWIFT_APPROACHABLE_CONCURRENCY = YES;
				SWIFT_DEFAULT_ACTOR_ISOLATION = MainActor;
				SWIFT_EMIT_LOC_STRINGS = YES;
				SWIFT_UPCOMING_FEATURE_MEMBER_IMPORT_VISIBILITY = YES;
				SWIFT_VERSION = 5.0;
				TARGETED_DEVICE_FAMILY = "1,2";
			};
			name = Develop;
		};
		5A01512F2F2AEC21008A5839 /* Release */ = {
			isa = XCBuildConfiguration;
			baseConfigurationReferenceAnchor = 5A0151032F2AEC20008A5839 /* MultiFamily */;
			baseConfigurationReferenceRelativePath = Config/Release.xcconfig;
			buildSettings = {
				ASSETCATALOG_COMPILER_APPICON_NAME = AppIcon;
				ASSETCATALOG_COMPILER_GLOBAL_ACCENT_COLOR_NAME = AccentColor;
				CODE_SIGN_STYLE = Automatic;
				CURRENT_PROJECT_VERSION = 1;
				DEVELOPMENT_TEAM = 5PY7CVD87W;
				GENERATE_INFOPLIST_FILE = YES;
				INFOPLIST_FILE = MultiFamily/Info.plist;
				INFOPLIST_KEY_UIApplicationSupportsIndirectInputEvents = YES;
				INFOPLIST_KEY_UILaunchStoryboardName = LaunchScreen;
				INFOPLIST_KEY_UIMainStoryboardFile = Main;
				INFOPLIST_KEY_UISupportedInterfaceOrientations_iPad = "UIInterfaceOrientationPortrait UIInterfaceOrientationPortraitUpsideDown UIInterfaceOrientationLandscapeLeft UIInterfaceOrientationLandscapeRight";
				INFOPLIST_KEY_UISupportedInterfaceOrientations_iPhone = "UIInterfaceOrientationPortrait UIInterfaceOrientationLandscapeLeft UIInterfaceOrientationLandscapeRight";
				INFOPLIST_KEY_UIUserInterfaceStyle = Light;
				LD_RUNPATH_SEARCH_PATHS = (
					"$(inherited)",
					"@executable_path/Frameworks",
				);
				MARKETING_VERSION = 1.0;
				PRODUCT_BUNDLE_IDENTIFIER = tw.com.sunion.MultiFamily;
				PRODUCT_NAME = "$(TARGET_NAME)";
				STRING_CATALOG_GENERATE_SYMBOLS = YES;
				SWIFT_APPROACHABLE_CONCURRENCY = YES;
				SWIFT_DEFAULT_ACTOR_ISOLATION = MainActor;
				SWIFT_EMIT_LOC_STRINGS = YES;
				SWIFT_UPCOMING_FEATURE_MEMBER_IMPORT_VISIBILITY = YES;
				SWIFT_VERSION = 5.0;
				TARGETED_DEVICE_FAMILY = "1,2";
			};
			name = Release;
		};
		5A0151302F2AEC21008A5839 /* Develop */ = {
			isa = XCBuildConfiguration;
			baseConfigurationReferenceAnchor = 5A0151032F2AEC20008A5839 /* MultiFamily */;
			baseConfigurationReferenceRelativePath = Config/Develop.xcconfig;
			buildSettings = {
				ALWAYS_SEARCH_USER_PATHS = NO;
				ASSETCATALOG_COMPILER_GENERATE_SWIFT_ASSET_SYMBOL_EXTENSIONS = YES;
				CLANG_ANALYZER_LOCALIZABILITY_NONLOCALIZED = YES;
				CLANG_ANALYZER_NONNULL = YES;
				CLANG_ANALYZER_NUMBER_OBJECT_CONVERSION = YES_AGGRESSIVE;
				CLANG_CXX_LANGUAGE_STANDARD = "gnu++20";
				CLANG_ENABLE_MODULES = YES;
				CLANG_ENABLE_OBJC_ARC = YES;
				CLANG_ENABLE_OBJC_WEAK = YES;
				CLANG_WARN_BLOCK_CAPTURE_AUTORELEASING = YES;
				CLANG_WARN_BOOL_CONVERSION = YES;
				CLANG_WARN_COMMA = YES;
				CLANG_WARN_CONSTANT_CONVERSION = YES;
				CLANG_WARN_DEPRECATED_OBJC_IMPLEMENTATIONS = YES;
				CLANG_WARN_DIRECT_OBJC_ISA_USAGE = YES_ERROR;
				CLANG_WARN_DOCUMENTATION_COMMENTS = YES;
				CLANG_WARN_EMPTY_BODY = YES;
				CLANG_WARN_ENUM_CONVERSION = YES;
				CLANG_WARN_INFINITE_RECURSION = YES;
				CLANG_WARN_INT_CONVERSION = YES;
				CLANG_WARN_NON_LITERAL_NULL_CONVERSION = YES;
				CLANG_WARN_OBJC_IMPLICIT_RETAIN_SELF = YES;
				CLANG_WARN_OBJC_LITERAL_CONVERSION = YES;
				CLANG_WARN_OBJC_ROOT_CLASS = YES_ERROR;
				CLANG_WARN_QUOTED_INCLUDE_IN_FRAMEWORK_HEADER = YES;
				CLANG_WARN_RANGE_LOOP_ANALYSIS = YES;
				CLANG_WARN_STRICT_PROTOTYPES = YES;
				CLANG_WARN_SUSPICIOUS_MOVE = YES;
				CLANG_WARN_UNGUARDED_AVAILABILITY = YES_AGGRESSIVE;
				CLANG_WARN_UNREACHABLE_CODE = YES;
				CLANG_WARN__DUPLICATE_METHOD_MATCH = YES;
				COPY_PHASE_STRIP = NO;
				DEBUG_INFORMATION_FORMAT = dwarf;
				DEVELOPMENT_TEAM = 5PY7CVD87W;
				ENABLE_STRICT_OBJC_MSGSEND = YES;
				ENABLE_TESTABILITY = YES;
				ENABLE_USER_SCRIPT_SANDBOXING = YES;
				GCC_C_LANGUAGE_STANDARD = gnu17;
				GCC_DYNAMIC_NO_PIC = NO;
				GCC_NO_COMMON_BLOCKS = YES;
				GCC_OPTIMIZATION_LEVEL = 0;
				GCC_PREPROCESSOR_DEFINITIONS = (
					"DEBUG=1",
					"$(inherited)",
				);
				GCC_WARN_64_TO_32_BIT_CONVERSION = YES;
				GCC_WARN_ABOUT_RETURN_TYPE = YES_ERROR;
				GCC_WARN_UNDECLARED_SELECTOR = YES;
				GCC_WARN_UNINITIALIZED_AUTOS = YES_AGGRESSIVE;
				GCC_WARN_UNUSED_FUNCTION = YES;
				GCC_WARN_UNUSED_VARIABLE = YES;
				IPHONEOS_DEPLOYMENT_TARGET = 13.0;
				LOCALIZATION_PREFERS_STRING_CATALOGS = YES;
				MTL_ENABLE_DEBUG_INFO = INCLUDE_SOURCE;
				MTL_FAST_MATH = YES;
				ONLY_ACTIVE_ARCH = YES;
				SDKROOT = iphoneos;
				SWIFT_ACTIVE_COMPILATION_CONDITIONS = "DEBUG $(inherited)";
				SWIFT_OPTIMIZATION_LEVEL = "-Onone";
			};
			name = Develop;
		};
		5A0151312F2AEC21008A5839 /* Release */ = {
			isa = XCBuildConfiguration;
			buildSettings = {
				ALWAYS_SEARCH_USER_PATHS = NO;
				ASSETCATALOG_COMPILER_GENERATE_SWIFT_ASSET_SYMBOL_EXTENSIONS = YES;
				CLANG_ANALYZER_LOCALIZABILITY_NONLOCALIZED = YES;
				CLANG_ANALYZER_NONNULL = YES;
				CLANG_ANALYZER_NUMBER_OBJECT_CONVERSION = YES_AGGRESSIVE;
				CLANG_CXX_LANGUAGE_STANDARD = "gnu++20";
				CLANG_ENABLE_MODULES = YES;
				CLANG_ENABLE_OBJC_ARC = YES;
				CLANG_ENABLE_OBJC_WEAK = YES;
				CLANG_WARN_BLOCK_CAPTURE_AUTORELEASING = YES;
				CLANG_WARN_BOOL_CONVERSION = YES;
				CLANG_WARN_COMMA = YES;
				CLANG_WARN_CONSTANT_CONVERSION = YES;
				CLANG_WARN_DEPRECATED_OBJC_IMPLEMENTATIONS = YES;
				CLANG_WARN_DIRECT_OBJC_ISA_USAGE = YES_ERROR;
				CLANG_WARN_DOCUMENTATION_COMMENTS = YES;
				CLANG_WARN_EMPTY_BODY = YES;
				CLANG_WARN_ENUM_CONVERSION = YES;
				CLANG_WARN_INFINITE_RECURSION = YES;
				CLANG_WARN_INT_CONVERSION = YES;
				CLANG_WARN_NON_LITERAL_NULL_CONVERSION = YES;
				CLANG_WARN_OBJC_IMPLICIT_RETAIN_SELF = YES;
				CLANG_WARN_OBJC_LITERAL_CONVERSION = YES;
				CLANG_WARN_OBJC_ROOT_CLASS = YES_ERROR;
				CLANG_WARN_QUOTED_INCLUDE_IN_FRAMEWORK_HEADER = YES;
				CLANG_WARN_RANGE_LOOP_ANALYSIS = YES;
				CLANG_WARN_STRICT_PROTOTYPES = YES;
				CLANG_WARN_SUSPICIOUS_MOVE = YES;
				CLANG_WARN_UNGUARDED_AVAILABILITY = YES_AGGRESSIVE;
				CLANG_WARN_UNREACHABLE_CODE = YES;
				CLANG_WARN__DUPLICATE_METHOD_MATCH = YES;
				COPY_PHASE_STRIP = NO;
				DEBUG_INFORMATION_FORMAT = "dwarf-with-dsym";
				DEVELOPMENT_TEAM = 5PY7CVD87W;
				ENABLE_NS_ASSERTIONS = NO;
				ENABLE_STRICT_OBJC_MSGSEND = YES;
				ENABLE_USER_SCRIPT_SANDBOXING = YES;
				GCC_C_LANGUAGE_STANDARD = gnu17;
				GCC_NO_COMMON_BLOCKS = YES;
				GCC_WARN_64_TO_32_BIT_CONVERSION = YES;
				GCC_WARN_ABOUT_RETURN_TYPE = YES_ERROR;
				GCC_WARN_UNDECLARED_SELECTOR = YES;
				GCC_WARN_UNINITIALIZED_AUTOS = YES_AGGRESSIVE;
				GCC_WARN_UNUSED_FUNCTION = YES;
				GCC_WARN_UNUSED_VARIABLE = YES;
				IPHONEOS_DEPLOYMENT_TARGET = 13.0;
				LOCALIZATION_PREFERS_STRING_CATALOGS = YES;
				MTL_ENABLE_DEBUG_INFO = NO;
				MTL_FAST_MATH = YES;
				SDKROOT = iphoneos;
				SWIFT_COMPILATION_MODE = wholemodule;
				VALIDATE_PRODUCT = YES;
			};
			name = Release;
		};
		5A0151332F2AEC21008A5839 /* Develop */ = {
			isa = XCBuildConfiguration;
			baseConfigurationReferenceAnchor = 5A0151032F2AEC20008A5839 /* MultiFamily */;
			baseConfigurationReferenceRelativePath = Config/Develop.xcconfig;
			buildSettings = {
				BUNDLE_LOADER = "$(TEST_HOST)";
				CODE_SIGN_STYLE = Automatic;
				CURRENT_PROJECT_VERSION = 1;
				DEVELOPMENT_TEAM = 5PY7CVD87W;
				GENERATE_INFOPLIST_FILE = YES;
				IPHONEOS_DEPLOYMENT_TARGET = 26.2;
				MARKETING_VERSION = 1.0;
				PRODUCT_BUNDLE_IDENTIFIER = tw.com.sunion.MultiFamilyTests;
				PRODUCT_NAME = "$(TARGET_NAME)";
				STRING_CATALOG_GENERATE_SYMBOLS = NO;
				SWIFT_APPROACHABLE_CONCURRENCY = YES;
				SWIFT_EMIT_LOC_STRINGS = NO;
				SWIFT_UPCOMING_FEATURE_MEMBER_IMPORT_VISIBILITY = YES;
				SWIFT_VERSION = 5.0;
				TARGETED_DEVICE_FAMILY = "1,2";
				TEST_HOST = "$(BUILT_PRODUCTS_DIR)/MultiFamily.app/$(BUNDLE_EXECUTABLE_FOLDER_PATH)/MultiFamily";
			};
			name = Develop;
		};
		5A0151342F2AEC21008A5839 /* Release */ = {
			isa = XCBuildConfiguration;
			baseConfigurationReferenceAnchor = 5A0151032F2AEC20008A5839 /* MultiFamily */;
			baseConfigurationReferenceRelativePath = Config/Release.xcconfig;
			buildSettings = {
				BUNDLE_LOADER = "$(TEST_HOST)";
				CODE_SIGN_STYLE = Automatic;
				CURRENT_PROJECT_VERSION = 1;
				DEVELOPMENT_TEAM = 5PY7CVD87W;
				GENERATE_INFOPLIST_FILE = YES;
				IPHONEOS_DEPLOYMENT_TARGET = 26.2;
				MARKETING_VERSION = 1.0;
				PRODUCT_BUNDLE_IDENTIFIER = tw.com.sunion.MultiFamilyTests;
				PRODUCT_NAME = "$(TARGET_NAME)";
				STRING_CATALOG_GENERATE_SYMBOLS = NO;
				SWIFT_APPROACHABLE_CONCURRENCY = YES;
				SWIFT_EMIT_LOC_STRINGS = NO;
				SWIFT_UPCOMING_FEATURE_MEMBER_IMPORT_VISIBILITY = YES;
				SWIFT_VERSION = 5.0;
				TARGETED_DEVICE_FAMILY = "1,2";
				TEST_HOST = "$(BUILT_PRODUCTS_DIR)/MultiFamily.app/$(BUNDLE_EXECUTABLE_FOLDER_PATH)/MultiFamily";
			};
			name = Release;
		};
		5A0151362F2AEC21008A5839 /* Develop */ = {
			isa = XCBuildConfiguration;
			baseConfigurationReferenceAnchor = 5A0151032F2AEC20008A5839 /* MultiFamily */;
			baseConfigurationReferenceRelativePath = Config/Develop.xcconfig;
			buildSettings = {
				CODE_SIGN_STYLE = Automatic;
				CURRENT_PROJECT_VERSION = 1;
				DEVELOPMENT_TEAM = 5PY7CVD87W;
				GENERATE_INFOPLIST_FILE = YES;
				MARKETING_VERSION = 1.0;
				PRODUCT_BUNDLE_IDENTIFIER = tw.com.sunion.MultiFamilyUITests;
				PRODUCT_NAME = "$(TARGET_NAME)";
				STRING_CATALOG_GENERATE_SYMBOLS = NO;
				SWIFT_APPROACHABLE_CONCURRENCY = YES;
				SWIFT_EMIT_LOC_STRINGS = NO;
				SWIFT_UPCOMING_FEATURE_MEMBER_IMPORT_VISIBILITY = YES;
				SWIFT_VERSION = 5.0;
				TARGETED_DEVICE_FAMILY = "1,2";
				TEST_TARGET_NAME = MultiFamily;
			};
			name = Develop;
		};
		5A0151372F2AEC21008A5839 /* Release */ = {
			isa = XCBuildConfiguration;
			baseConfigurationReferenceAnchor = 5A0151032F2AEC20008A5839 /* MultiFamily */;
			baseConfigurationReferenceRelativePath = Config/Release.xcconfig;
			buildSettings = {
				CODE_SIGN_STYLE = Automatic;
				CURRENT_PROJECT_VERSION = 1;
				DEVELOPMENT_TEAM = 5PY7CVD87W;
				GENERATE_INFOPLIST_FILE = YES;
				MARKETING_VERSION = 1.0;
				PRODUCT_BUNDLE_IDENTIFIER = tw.com.sunion.MultiFamilyUITests;
				PRODUCT_NAME = "$(TARGET_NAME)";
				STRING_CATALOG_GENERATE_SYMBOLS = NO;
				SWIFT_APPROACHABLE_CONCURRENCY = YES;
				SWIFT_EMIT_LOC_STRINGS = NO;
				SWIFT_UPCOMING_FEATURE_MEMBER_IMPORT_VISIBILITY = YES;
				SWIFT_VERSION = 5.0;
				TARGETED_DEVICE_FAMILY = "1,2";
				TEST_TARGET_NAME = MultiFamily;
			};
			name = Release;
		};
		5A77F54B2F2B0ABC00FF756F /* Beta */ = {
			isa = XCBuildConfiguration;
			baseConfigurationReferenceAnchor = 5A0151032F2AEC20008A5839 /* MultiFamily */;
			baseConfigurationReferenceRelativePath = Config/Beta.xcconfig;
			buildSettings = {
				ALWAYS_SEARCH_USER_PATHS = NO;
				ASSETCATALOG_COMPILER_GENERATE_SWIFT_ASSET_SYMBOL_EXTENSIONS = YES;
				CLANG_ANALYZER_LOCALIZABILITY_NONLOCALIZED = YES;
				CLANG_ANALYZER_NONNULL = YES;
				CLANG_ANALYZER_NUMBER_OBJECT_CONVERSION = YES_AGGRESSIVE;
				CLANG_CXX_LANGUAGE_STANDARD = "gnu++20";
				CLANG_ENABLE_MODULES = YES;
				CLANG_ENABLE_OBJC_ARC = YES;
				CLANG_ENABLE_OBJC_WEAK = YES;
				CLANG_WARN_BLOCK_CAPTURE_AUTORELEASING = YES;
				CLANG_WARN_BOOL_CONVERSION = YES;
				CLANG_WARN_COMMA = YES;
				CLANG_WARN_CONSTANT_CONVERSION = YES;
				CLANG_WARN_DEPRECATED_OBJC_IMPLEMENTATIONS = YES;
				CLANG_WARN_DIRECT_OBJC_ISA_USAGE = YES_ERROR;
				CLANG_WARN_DOCUMENTATION_COMMENTS = YES;
				CLANG_WARN_EMPTY_BODY = YES;
				CLANG_WARN_ENUM_CONVERSION = YES;
				CLANG_WARN_INFINITE_RECURSION = YES;
				CLANG_WARN_INT_CONVERSION = YES;
				CLANG_WARN_NON_LITERAL_NULL_CONVERSION = YES;
				CLANG_WARN_OBJC_IMPLICIT_RETAIN_SELF = YES;
				CLANG_WARN_OBJC_LITERAL_CONVERSION = YES;
				CLANG_WARN_OBJC_ROOT_CLASS = YES_ERROR;
				CLANG_WARN_QUOTED_INCLUDE_IN_FRAMEWORK_HEADER = YES;
				CLANG_WARN_RANGE_LOOP_ANALYSIS = YES;
				CLANG_WARN_STRICT_PROTOTYPES = YES;
				CLANG_WARN_SUSPICIOUS_MOVE = YES;
				CLANG_WARN_UNGUARDED_AVAILABILITY = YES_AGGRESSIVE;
				CLANG_WARN_UNREACHABLE_CODE = YES;
				CLANG_WARN__DUPLICATE_METHOD_MATCH = YES;
				COPY_PHASE_STRIP = NO;
				DEBUG_INFORMATION_FORMAT = dwarf;
				DEVELOPMENT_TEAM = 5PY7CVD87W;
				ENABLE_STRICT_OBJC_MSGSEND = YES;
				ENABLE_TESTABILITY = YES;
				ENABLE_USER_SCRIPT_SANDBOXING = YES;
				GCC_C_LANGUAGE_STANDARD = gnu17;
				GCC_DYNAMIC_NO_PIC = NO;
				GCC_NO_COMMON_BLOCKS = YES;
				GCC_OPTIMIZATION_LEVEL = 0;
				GCC_PREPROCESSOR_DEFINITIONS = (
					"DEBUG=1",
					"$(inherited)",
				);
				GCC_WARN_64_TO_32_BIT_CONVERSION = YES;
				GCC_WARN_ABOUT_RETURN_TYPE = YES_ERROR;
				GCC_WARN_UNDECLARED_SELECTOR = YES;
				GCC_WARN_UNINITIALIZED_AUTOS = YES_AGGRESSIVE;
				GCC_WARN_UNUSED_FUNCTION = YES;
				GCC_WARN_UNUSED_VARIABLE = YES;
				IPHONEOS_DEPLOYMENT_TARGET = 13.0;
				LOCALIZATION_PREFERS_STRING_CATALOGS = YES;
				MTL_ENABLE_DEBUG_INFO = INCLUDE_SOURCE;
				MTL_FAST_MATH = YES;
				ONLY_ACTIVE_ARCH = YES;
				SDKROOT = iphoneos;
				SWIFT_ACTIVE_COMPILATION_CONDITIONS = "DEBUG $(inherited)";
				SWIFT_OPTIMIZATION_LEVEL = "-Onone";
			};
			name = Beta;
		};
		5A77F54C2F2B0ABC00FF756F /* Beta */ = {
			isa = XCBuildConfiguration;
			baseConfigurationReferenceAnchor = 5A0151032F2AEC20008A5839 /* MultiFamily */;
			baseConfigurationReferenceRelativePath = Config/Beta.xcconfig;
			buildSettings = {
				ASSETCATALOG_COMPILER_APPICON_NAME = AppIcon;
				ASSETCATALOG_COMPILER_GLOBAL_ACCENT_COLOR_NAME = AccentColor;
				CODE_SIGN_STYLE = Automatic;
				CURRENT_PROJECT_VERSION = 1;
				DEVELOPMENT_TEAM = 5PY7CVD87W;
				GENERATE_INFOPLIST_FILE = YES;
				INFOPLIST_FILE = MultiFamily/Info.plist;
				INFOPLIST_KEY_UIApplicationSupportsIndirectInputEvents = YES;
				INFOPLIST_KEY_UILaunchStoryboardName = LaunchScreen;
				INFOPLIST_KEY_UIMainStoryboardFile = Main;
				INFOPLIST_KEY_UISupportedInterfaceOrientations_iPad = "UIInterfaceOrientationPortrait UIInterfaceOrientationPortraitUpsideDown UIInterfaceOrientationLandscapeLeft UIInterfaceOrientationLandscapeRight";
				INFOPLIST_KEY_UISupportedInterfaceOrientations_iPhone = "UIInterfaceOrientationPortrait UIInterfaceOrientationLandscapeLeft UIInterfaceOrientationLandscapeRight";
				INFOPLIST_KEY_UIUserInterfaceStyle = Light;
				LD_RUNPATH_SEARCH_PATHS = (
					"$(inherited)",
					"@executable_path/Frameworks",
				);
				MARKETING_VERSION = 1.0;
				PRODUCT_BUNDLE_IDENTIFIER = tw.com.sunion.MultiFamily;
				PRODUCT_NAME = "$(TARGET_NAME)";
				STRING_CATALOG_GENERATE_SYMBOLS = YES;
				SWIFT_APPROACHABLE_CONCURRENCY = YES;
				SWIFT_DEFAULT_ACTOR_ISOLATION = MainActor;
				SWIFT_EMIT_LOC_STRINGS = YES;
				SWIFT_UPCOMING_FEATURE_MEMBER_IMPORT_VISIBILITY = YES;
				SWIFT_VERSION = 5.0;
				TARGETED_DEVICE_FAMILY = "1,2";
			};
			name = Beta;
		};
		5A77F54D2F2B0ABC00FF756F /* Beta */ = {
			isa = XCBuildConfiguration;
			baseConfigurationReferenceAnchor = 5A0151032F2AEC20008A5839 /* MultiFamily */;
			baseConfigurationReferenceRelativePath = Config/Beta.xcconfig;
			buildSettings = {
				BUNDLE_LOADER = "$(TEST_HOST)";
				CODE_SIGN_STYLE = Automatic;
				CURRENT_PROJECT_VERSION = 1;
				DEVELOPMENT_TEAM = 5PY7CVD87W;
				GENERATE_INFOPLIST_FILE = YES;
				IPHONEOS_DEPLOYMENT_TARGET = 26.2;
				MARKETING_VERSION = 1.0;
				PRODUCT_BUNDLE_IDENTIFIER = tw.com.sunion.MultiFamilyTests;
				PRODUCT_NAME = "$(TARGET_NAME)";
				STRING_CATALOG_GENERATE_SYMBOLS = NO;
				SWIFT_APPROACHABLE_CONCURRENCY = YES;
				SWIFT_EMIT_LOC_STRINGS = NO;
				SWIFT_UPCOMING_FEATURE_MEMBER_IMPORT_VISIBILITY = YES;
				SWIFT_VERSION = 5.0;
				TARGETED_DEVICE_FAMILY = "1,2";
				TEST_HOST = "$(BUILT_PRODUCTS_DIR)/MultiFamily.app/$(BUNDLE_EXECUTABLE_FOLDER_PATH)/MultiFamily";
			};
			name = Beta;
		};
		5A77F54E2F2B0ABC00FF756F /* Beta */ = {
			isa = XCBuildConfiguration;
			baseConfigurationReferenceAnchor = 5A0151032F2AEC20008A5839 /* MultiFamily */;
			baseConfigurationReferenceRelativePath = Config/Beta.xcconfig;
			buildSettings = {
				CODE_SIGN_STYLE = Automatic;
				CURRENT_PROJECT_VERSION = 1;
				DEVELOPMENT_TEAM = 5PY7CVD87W;
				GENERATE_INFOPLIST_FILE = YES;
				MARKETING_VERSION = 1.0;
				PRODUCT_BUNDLE_IDENTIFIER = tw.com.sunion.MultiFamilyUITests;
				PRODUCT_NAME = "$(TARGET_NAME)";
				STRING_CATALOG_GENERATE_SYMBOLS = NO;
				SWIFT_APPROACHABLE_CONCURRENCY = YES;
				SWIFT_EMIT_LOC_STRINGS = NO;
				SWIFT_UPCOMING_FEATURE_MEMBER_IMPORT_VISIBILITY = YES;
				SWIFT_VERSION = 5.0;
				TARGETED_DEVICE_FAMILY = "1,2";
				TEST_TARGET_NAME = MultiFamily;
			};
			name = Beta;
		};
/* End XCBuildConfiguration section */

/* Begin XCConfigurationList section */
		5A0150FC2F2AEC20008A5839 /* Build configuration list for PBXProject "MultiFamily" */ = {
			isa = XCConfigurationList;
			buildConfigurations = (
				5A0151302F2AEC21008A5839 /* Develop */,
				5A77F54B2F2B0ABC00FF756F /* Beta */,
				5A0151312F2AEC21008A5839 /* Release */,
			);
			defaultConfigurationIsVisible = 0;
			defaultConfigurationName = Release;
		};
		5A01512D2F2AEC21008A5839 /* Build configuration list for PBXNativeTarget "MultiFamily" */ = {
			isa = XCConfigurationList;
			buildConfigurations = (
				5A01512E2F2AEC21008A5839 /* Develop */,
				5A77F54C2F2B0ABC00FF756F /* Beta */,
				5A01512F2F2AEC21008A5839 /* Release */,
			);
			defaultConfigurationIsVisible = 0;
			defaultConfigurationName = Release;
		};
		5A0151322F2AEC21008A5839 /* Build configuration list for PBXNativeTarget "MultiFamilyTests" */ = {
			isa = XCConfigurationList;
			buildConfigurations = (
				5A0151332F2AEC21008A5839 /* Develop */,
				5A77F54D2F2B0ABC00FF756F /* Beta */,
				5A0151342F2AEC21008A5839 /* Release */,
			);
			defaultConfigurationIsVisible = 0;
			defaultConfigurationName = Release;
		};
		5A0151352F2AEC21008A5839 /* Build configuration list for PBXNativeTarget "MultiFamilyUITests" */ = {
			isa = XCConfigurationList;
			buildConfigurations = (
				5A0151362F2AEC21008A5839 /* Develop */,
				5A77F54E2F2B0ABC00FF756F /* Beta */,
				5A0151372F2AEC21008A5839 /* Release */,
			);
			defaultConfigurationIsVisible = 0;
			defaultConfigurationName = Release;
		};
/* End XCConfigurationList section */
	};
	rootObject = 5A0150F92F2AEC20008A5839 /* Project object */;
}
